
Microsoft Visual Studio Solution File, Format Version 12.00
# Visual Studio Version 16
VisualStudioVersion = 16.0.31019.35
MinimumVisualStudioVersion = 10.0.40219.1
Project("{FAE04EC0-301F-11D3-BF4B-00C04F79EFBC}") = "projetoPI", "projetoPI.csproj", "{361A83E0-4180-4231-9E7A-5FDF0533A92E}"
EndProject
Project("{FAE04EC0-301F-11D3-BF4B-00C04F79EFBC}") = "cadastro_alunos", "..\cadastro_alunos\cadastro_alunos.csproj", "{30BB724A-53E5-401D-8CC0-98C2255E9466}"
EndProject
Global
	GlobalSection(SolutionConfigurationPlatforms) = preSolution
		Debug|Any CPU = Debug|Any CPU
		Release|Any CPU = Release|Any CPU
	EndGlobalSection
	GlobalSection(ProjectConfigurationPlatforms) = postSolution
		{361A83E0-4180-4231-9E7A-5FDF0533A92E}.Debug|Any CPU.ActiveCfg = Debug|Any CPU
		{361A83E0-4180-4231-9E7A-5FDF0533A92E}.Debug|Any CPU.Build.0 = Debug|Any CPU
		{361A83E0-4180-4231-9E7A-5FDF0533A92E}.Release|Any CPU.ActiveCfg = Release|Any CPU
		{361A83E0-4180-4231-9E7A-5FDF0533A92E}.Release|Any CPU.Build.0 = Release|Any CPU
		{30BB724A-53E5-401D-8CC0-98C2255E9466}.Debug|Any CPU.ActiveCfg = Debug|Any CPU
		{30BB724A-53E5-401D-8CC0-98C2255E9466}.Debug|Any CPU.Build.0 = Debug|Any CPU
		{30BB724A-53E5-401D-8CC0-98C2255E9466}.Release|Any CPU.ActiveCfg = Release|Any CPU
		{30BB724A-53E5-401D-8CC0-98C2255E9466}.Release|Any CPU.Build.0 = Release|Any CPU
	EndGlobalSection
	GlobalSection(SolutionProperties) = preSolution
		HideSolutionNode = FALSE
	EndGlobalSection
	GlobalSection(ExtensibilityGlobals) = postSolution
		SolutionGuid = {2D8FB33B-9ABA-43E0-99E7-FF9C6EE4863C}
	EndGlobalSection
EndGlobal
